
Microsoft Visual Studio Solution File, Format Version 12.00
# Visual Studio 15
Project("{FAE04EC0-301F-11D3-BF4B-00C04F79EFBC}") = "AstarPathfindingProject", "AstarPathfindingProject.csproj", "{3ED405EF-09DB-D42D-7490-C3E40ED36BA9}"
EndProject
Project("{FAE04EC0-301F-11D3-BF4B-00C04F79EFBC}") = "Assembly-CSharp", "Assembly-CSharp.csproj", "{BB497C7A-7B86-44E1-CABD-4107056D97EB}"
EndProject
Project("{FAE04EC0-301F-11D3-BF4B-00C04F79EFBC}") = "PackageToolsEditor", "PackageToolsEditor.csproj", "{DA3B969B-ABA1-271C-1D3B-3935862C8EFA}"
EndProject
Project("{FAE04EC0-301F-11D3-BF4B-00C04F79EFBC}") = "AstarPathfindingProjectEditor", "AstarPathfindingProjectEditor.csproj", "{D00EB1F8-21E7-32C5-B513-B76FBBD3B9B3}"
EndProject
Global
	GlobalSection(SolutionConfigurationPlatforms) = preSolution
		Debug|Any CPU = Debug|Any CPU
		Release|Any CPU = Release|Any CPU
	EndGlobalSection
	GlobalSection(ProjectConfigurationPlatforms) = postSolution
		{3ED405EF-09DB-D42D-7490-C3E40ED36BA9}.Debug|Any CPU.ActiveCfg = Debug|Any CPU
		{3ED405EF-09DB-D42D-7490-C3E40ED36BA9}.Debug|Any CPU.Build.0 = Debug|Any CPU
		{3ED405EF-09DB-D42D-7490-C3E40ED36BA9}.Release|Any CPU.ActiveCfg = Release|Any CPU
		{3ED405EF-09DB-D42D-7490-C3E40ED36BA9}.Release|Any CPU.Build.0 = Release|Any CPU
		{BB497C7A-7B86-44E1-CABD-4107056D97EB}.Debug|Any CPU.ActiveCfg = Debug|Any CPU
		{BB497C7A-7B86-44E1-CABD-4107056D97EB}.Debug|Any CPU.Build.0 = Debug|Any CPU
		{BB497C7A-7B86-44E1-CABD-4107056D97EB}.Release|Any CPU.ActiveCfg = Release|Any CPU
		{BB497C7A-7B86-44E1-CABD-4107056D97EB}.Release|Any CPU.Build.0 = Release|Any CPU
		{DA3B969B-ABA1-271C-1D3B-3935862C8EFA}.Debug|Any CPU.ActiveCfg = Debug|Any CPU
		{DA3B969B-ABA1-271C-1D3B-3935862C8EFA}.Debug|Any CPU.Build.0 = Debug|Any CPU
		{DA3B969B-ABA1-271C-1D3B-3935862C8EFA}.Release|Any CPU.ActiveCfg = Release|Any CPU
		{DA3B969B-ABA1-271C-1D3B-3935862C8EFA}.Release|Any CPU.Build.0 = Release|Any CPU
		{D00EB1F8-21E7-32C5-B513-B76FBBD3B9B3}.Debug|Any CPU.ActiveCfg = Debug|Any CPU
		{D00EB1F8-21E7-32C5-B513-B76FBBD3B9B3}.Debug|Any CPU.Build.0 = Debug|Any CPU
		{D00EB1F8-21E7-32C5-B513-B76FBBD3B9B3}.Release|Any CPU.ActiveCfg = Release|Any CPU
		{D00EB1F8-21E7-32C5-B513-B76FBBD3B9B3}.Release|Any CPU.Build.0 = Release|Any CPU
	EndGlobalSection
	GlobalSection(SolutionProperties) = preSolution
		HideSolutionNode = FALSE
	EndGlobalSection
EndGlobal
